
Microsoft Visual Studio Solution File, Format Version 12.00
# Visual Studio 2012
Project("{FAE04EC0-301F-11D3-BF4B-00C04F79EFBC}") = "ThirdTable", "ThirdTable\ThirdTable.csproj", "{48DA1452-228C-440D-887D-1065303B1236}"
EndProject
Global
	GlobalSection(SolutionConfigurationPlatforms) = preSolution
		Debug|iPhoneSimulator = Debug|iPhoneSimulator
		Release|iPhone = Release|iPhone
		Release|iPhoneSimulator = Release|iPhoneSimulator
		Debug|iPhone = Debug|iPhone
	EndGlobalSection
	GlobalSection(ProjectConfigurationPlatforms) = postSolution
		{48DA1452-228C-440D-887D-1065303B1236}.Debug|iPhone.ActiveCfg = Debug|iPhone
		{48DA1452-228C-440D-887D-1065303B1236}.Debug|iPhone.Build.0 = Debug|iPhone
		{48DA1452-228C-440D-887D-1065303B1236}.Debug|iPhoneSimulator.ActiveCfg = Debug|iPhoneSimulator
		{48DA1452-228C-440D-887D-1065303B1236}.Debug|iPhoneSimulator.Build.0 = Debug|iPhoneSimulator
		{48DA1452-228C-440D-887D-1065303B1236}.Release|iPhone.ActiveCfg = Release|iPhone
		{48DA1452-228C-440D-887D-1065303B1236}.Release|iPhone.Build.0 = Release|iPhone
		{48DA1452-228C-440D-887D-1065303B1236}.Release|iPhoneSimulator.ActiveCfg = Release|iPhoneSimulator
		{48DA1452-228C-440D-887D-1065303B1236}.Release|iPhoneSimulator.Build.0 = Release|iPhoneSimulator
	EndGlobalSection
EndGlobal
